
Microsoft Visual Studio Solution File, Format Version 12.00
# Visual Studio Version 16
VisualStudioVersion = 16.0.31911.196
MinimumVisualStudioVersion = 10.0.40219.1
Project("{FAE04EC0-301F-11D3-BF4B-00C04F79EFBC}") = "ButtonTutorial.Android", "ButtonTutorial.Android\ButtonTutorial.Android.csproj", "{F260DBA0-A2B6-4CC3-9326-F4DDADF8E443}"
EndProject
Project("{FAE04EC0-301F-11D3-BF4B-00C04F79EFBC}") = "ButtonTutorial.iOS", "ButtonTutorial.iOS\ButtonTutorial.iOS.csproj", "{8AE37E68-4D88-4CC0-B573-A1A81874538C}"
EndProject
Project("{FAE04EC0-301F-11D3-BF4B-00C04F79EFBC}") = "ButtonTutorial", "ButtonTutorial\ButtonTutorial.csproj", "{66905040-CACD-427D-B384-3C4B651FA9DE}"
EndProject
Global
	GlobalSection(SolutionConfigurationPlatforms) = preSolution
		Debug|Any CPU = Debug|Any CPU
		Debug|iPhone = Debug|iPhone
		Debug|iPhoneSimulator = Debug|iPhoneSimulator
		Release|Any CPU = Release|Any CPU
		Release|iPhone = Release|iPhone
		Release|iPhoneSimulator = Release|iPhoneSimulator
	EndGlobalSection
	GlobalSection(ProjectConfigurationPlatforms) = postSolution
		{F260DBA0-A2B6-4CC3-9326-F4DDADF8E443}.Debug|Any CPU.ActiveCfg = Debug|Any CPU
		{F260DBA0-A2B6-4CC3-9326-F4DDADF8E443}.Debug|Any CPU.Build.0 = Debug|Any CPU
		{F260DBA0-A2B6-4CC3-9326-F4DDADF8E443}.Debug|Any CPU.Deploy.0 = Debug|Any CPU
		{F260DBA0-A2B6-4CC3-9326-F4DDADF8E443}.Debug|iPhone.ActiveCfg = Debug|Any CPU
		{F260DBA0-A2B6-4CC3-9326-F4DDADF8E443}.Debug|iPhone.Build.0 = Debug|Any CPU
		{F260DBA0-A2B6-4CC3-9326-F4DDADF8E443}.Debug|iPhone.Deploy.0 = Debug|Any CPU
		{F260DBA0-A2B6-4CC3-9326-F4DDADF8E443}.Debug|iPhoneSimulator.ActiveCfg = Debug|Any CPU
		{F260DBA0-A2B6-4CC3-9326-F4DDADF8E443}.Debug|iPhoneSimulator.Build.0 = Debug|Any CPU
		{F260DBA0-A2B6-4CC3-9326-F4DDADF8E443}.Debug|iPhoneSimulator.Deploy.0 = Debug|Any CPU
		{F260DBA0-A2B6-4CC3-9326-F4DDADF8E443}.Release|Any CPU.ActiveCfg = Release|Any CPU
		{F260DBA0-A2B6-4CC3-9326-F4DDADF8E443}.Release|Any CPU.Build.0 = Release|Any CPU
		{F260DBA0-A2B6-4CC3-9326-F4DDADF8E443}.Release|Any CPU.Deploy.0 = Release|Any CPU
		{F260DBA0-A2B6-4CC3-9326-F4DDADF8E443}.Release|iPhone.ActiveCfg = Release|Any CPU
		{F260DBA0-A2B6-4CC3-9326-F4DDADF8E443}.Release|iPhone.Build.0 = Release|Any CPU
		{F260DBA0-A2B6-4CC3-9326-F4DDADF8E443}.Release|iPhone.Deploy.0 = Release|Any CPU
		{F260DBA0-A2B6-4CC3-9326-F4DDADF8E443}.Release|iPhoneSimulator.ActiveCfg = Release|Any CPU
		{F260DBA0-A2B6-4CC3-9326-F4DDADF8E443}.Release|iPhoneSimulator.Build.0 = Release|Any CPU
		{F260DBA0-A2B6-4CC3-9326-F4DDADF8E443}.Release|iPhoneSimulator.Deploy.0 = Release|Any CPU
		{8AE37E68-4D88-4CC0-B573-A1A81874538C}.Debug|Any CPU.ActiveCfg = Debug|iPhone
		{8AE37E68-4D88-4CC0-B573-A1A81874538C}.Debug|Any CPU.Build.0 = Debug|iPhone
		{8AE37E68-4D88-4CC0-B573-A1A81874538C}.Debug|Any CPU.Deploy.0 = Debug|iPhone
		{8AE37E68-4D88-4CC0-B573-A1A81874538C}.Debug|iPhone.ActiveCfg = Debug|iPhone
		{8AE37E68-4D88-4CC0-B573-A1A81874538C}.Debug|iPhone.Build.0 = Debug|iPhone
		{8AE37E68-4D88-4CC0-B573-A1A81874538C}.Debug|iPhone.Deploy.0 = Debug|iPhone
		{8AE37E68-4D88-4CC0-B573-A1A81874538C}.Debug|iPhoneSimulator.ActiveCfg = Debug|iPhoneSimulator
		{8AE37E68-4D88-4CC0-B573-A1A81874538C}.Debug|iPhoneSimulator.Build.0 = Debug|iPhoneSimulator
		{8AE37E68-4D88-4CC0-B573-A1A81874538C}.Debug|iPhoneSimulator.Deploy.0 = Debug|iPhoneSimulator
		{8AE37E68-4D88-4CC0-B573-A1A81874538C}.Release|Any CPU.ActiveCfg = Release|iPhoneSimulator
		{8AE37E68-4D88-4CC0-B573-A1A81874538C}.Release|Any CPU.Build.0 = Release|iPhoneSimulator
		{8AE37E68-4D88-4CC0-B573-A1A81874538C}.Release|Any CPU.Deploy.0 = Release|iPhoneSimulator
		{8AE37E68-4D88-4CC0-B573-A1A81874538C}.Release|iPhone.ActiveCfg = Release|iPhone
		{8AE37E68-4D88-4CC0-B573-A1A81874538C}.Release|iPhone.Build.0 = Release|iPhone
		{8AE37E68-4D88-4CC0-B573-A1A81874538C}.Release|iPhone.Deploy.0 = Release|iPhone
		{8AE37E68-4D88-4CC0-B573-A1A81874538C}.Release|iPhoneSimulator.ActiveCfg = Release|iPhoneSimulator
		{8AE37E68-4D88-4CC0-B573-A1A81874538C}.Release|iPhoneSimulator.Build.0 = Release|iPhoneSimulator
		{8AE37E68-4D88-4CC0-B573-A1A81874538C}.Release|iPhoneSimulator.Deploy.0 = Release|iPhoneSimulator
		{66905040-CACD-427D-B384-3C4B651FA9DE}.Debug|Any CPU.ActiveCfg = Debug|Any CPU
		{66905040-CACD-427D-B384-3C4B651FA9DE}.Debug|Any CPU.Build.0 = Debug|Any CPU
		{66905040-CACD-427D-B384-3C4B651FA9DE}.Debug|Any CPU.Deploy.0 = Debug|Any CPU
		{66905040-CACD-427D-B384-3C4B651FA9DE}.Debug|iPhone.ActiveCfg = Debug|Any CPU
		{66905040-CACD-427D-B384-3C4B651FA9DE}.Debug|iPhone.Build.0 = Debug|Any CPU
		{66905040-CACD-427D-B384-3C4B651FA9DE}.Debug|iPhone.Deploy.0 = Debug|Any CPU
		{66905040-CACD-427D-B384-3C4B651FA9DE}.Debug|iPhoneSimulator.ActiveCfg = Debug|Any CPU
		{66905040-CACD-427D-B384-3C4B651FA9DE}.Debug|iPhoneSimulator.Build.0 = Debug|Any CPU
		{66905040-CACD-427D-B384-3C4B651FA9DE}.Debug|iPhoneSimulator.Deploy.0 = Debug|Any CPU
		{66905040-CACD-427D-B384-3C4B651FA9DE}.Release|Any CPU.ActiveCfg = Release|Any CPU
		{66905040-CACD-427D-B384-3C4B651FA9DE}.Release|Any CPU.Build.0 = Release|Any CPU
		{66905040-CACD-427D-B384-3C4B651FA9DE}.Release|Any CPU.Deploy.0 = Release|Any CPU
		{66905040-CACD-427D-B384-3C4B651FA9DE}.Release|iPhone.ActiveCfg = Release|Any CPU
		{66905040-CACD-427D-B384-3C4B651FA9DE}.Release|iPhone.Build.0 = Release|Any CPU
		{66905040-CACD-427D-B384-3C4B651FA9DE}.Release|iPhone.Deploy.0 = Release|Any CPU
		{66905040-CACD-427D-B384-3C4B651FA9DE}.Release|iPhoneSimulator.ActiveCfg = Release|Any CPU
		{66905040-CACD-427D-B384-3C4B651FA9DE}.Release|iPhoneSimulator.Build.0 = Release|Any CPU
		{66905040-CACD-427D-B384-3C4B651FA9DE}.Release|iPhoneSimulator.Deploy.0 = Release|Any CPU
	EndGlobalSection
	GlobalSection(SolutionProperties) = preSolution
		HideSolutionNode = FALSE
	EndGlobalSection
	GlobalSection(ExtensibilityGlobals) = postSolution
		SolutionGuid = {0F2C922B-8E3F-4632-B779-BE6858C2E489}
	EndGlobalSection
EndGlobal
