
Microsoft Visual Studio Solution File, Format Version 12.00
# Visual Studio Version 16
VisualStudioVersion = 16.0.31911.196
MinimumVisualStudioVersion = 10.0.40219.1
Project("{FAE04EC0-301F-11D3-BF4B-00C04F79EFBC}") = "LabelTutorial.Android", "LabelTutorial.Android\LabelTutorial.Android.csproj", "{B32D4D28-8258-4D49-9DB9-3D2C49BC6237}"
EndProject
Project("{FAE04EC0-301F-11D3-BF4B-00C04F79EFBC}") = "LabelTutorial.iOS", "LabelTutorial.iOS\LabelTutorial.iOS.csproj", "{17A418F0-B369-4AD3-84D4-4AE07E92123C}"
EndProject
Project("{FAE04EC0-301F-11D3-BF4B-00C04F79EFBC}") = "LabelTutorial", "LabelTutorial\LabelTutorial.csproj", "{D0815783-B88E-4F2F-891F-BB763293D719}"
EndProject
Global
	GlobalSection(SolutionConfigurationPlatforms) = preSolution
		Debug|Any CPU = Debug|Any CPU
		Debug|iPhone = Debug|iPhone
		Debug|iPhoneSimulator = Debug|iPhoneSimulator
		Release|Any CPU = Release|Any CPU
		Release|iPhone = Release|iPhone
		Release|iPhoneSimulator = Release|iPhoneSimulator
	EndGlobalSection
	GlobalSection(ProjectConfigurationPlatforms) = postSolution
		{B32D4D28-8258-4D49-9DB9-3D2C49BC6237}.Debug|Any CPU.ActiveCfg = Debug|Any CPU
		{B32D4D28-8258-4D49-9DB9-3D2C49BC6237}.Debug|Any CPU.Build.0 = Debug|Any CPU
		{B32D4D28-8258-4D49-9DB9-3D2C49BC6237}.Debug|Any CPU.Deploy.0 = Debug|Any CPU
		{B32D4D28-8258-4D49-9DB9-3D2C49BC6237}.Debug|iPhone.ActiveCfg = Debug|Any CPU
		{B32D4D28-8258-4D49-9DB9-3D2C49BC6237}.Debug|iPhone.Build.0 = Debug|Any CPU
		{B32D4D28-8258-4D49-9DB9-3D2C49BC6237}.Debug|iPhone.Deploy.0 = Debug|Any CPU
		{B32D4D28-8258-4D49-9DB9-3D2C49BC6237}.Debug|iPhoneSimulator.ActiveCfg = Debug|Any CPU
		{B32D4D28-8258-4D49-9DB9-3D2C49BC6237}.Debug|iPhoneSimulator.Build.0 = Debug|Any CPU
		{B32D4D28-8258-4D49-9DB9-3D2C49BC6237}.Debug|iPhoneSimulator.Deploy.0 = Debug|Any CPU
		{B32D4D28-8258-4D49-9DB9-3D2C49BC6237}.Release|Any CPU.ActiveCfg = Release|Any CPU
		{B32D4D28-8258-4D49-9DB9-3D2C49BC6237}.Release|Any CPU.Build.0 = Release|Any CPU
		{B32D4D28-8258-4D49-9DB9-3D2C49BC6237}.Release|Any CPU.Deploy.0 = Release|Any CPU
		{B32D4D28-8258-4D49-9DB9-3D2C49BC6237}.Release|iPhone.ActiveCfg = Release|Any CPU
		{B32D4D28-8258-4D49-9DB9-3D2C49BC6237}.Release|iPhone.Build.0 = Release|Any CPU
		{B32D4D28-8258-4D49-9DB9-3D2C49BC6237}.Release|iPhone.Deploy.0 = Release|Any CPU
		{B32D4D28-8258-4D49-9DB9-3D2C49BC6237}.Release|iPhoneSimulator.ActiveCfg = Release|Any CPU
		{B32D4D28-8258-4D49-9DB9-3D2C49BC6237}.Release|iPhoneSimulator.Build.0 = Release|Any CPU
		{B32D4D28-8258-4D49-9DB9-3D2C49BC6237}.Release|iPhoneSimulator.Deploy.0 = Release|Any CPU
		{17A418F0-B369-4AD3-84D4-4AE07E92123C}.Debug|Any CPU.ActiveCfg = Debug|iPhone
		{17A418F0-B369-4AD3-84D4-4AE07E92123C}.Debug|Any CPU.Build.0 = Debug|iPhone
		{17A418F0-B369-4AD3-84D4-4AE07E92123C}.Debug|Any CPU.Deploy.0 = Debug|iPhone
		{17A418F0-B369-4AD3-84D4-4AE07E92123C}.Debug|iPhone.ActiveCfg = Debug|iPhone
		{17A418F0-B369-4AD3-84D4-4AE07E92123C}.Debug|iPhone.Build.0 = Debug|iPhone
		{17A418F0-B369-4AD3-84D4-4AE07E92123C}.Debug|iPhone.Deploy.0 = Debug|iPhone
		{17A418F0-B369-4AD3-84D4-4AE07E92123C}.Debug|iPhoneSimulator.ActiveCfg = Debug|iPhoneSimulator
		{17A418F0-B369-4AD3-84D4-4AE07E92123C}.Debug|iPhoneSimulator.Build.0 = Debug|iPhoneSimulator
		{17A418F0-B369-4AD3-84D4-4AE07E92123C}.Debug|iPhoneSimulator.Deploy.0 = Debug|iPhoneSimulator
		{17A418F0-B369-4AD3-84D4-4AE07E92123C}.Release|Any CPU.ActiveCfg = Release|iPhoneSimulator
		{17A418F0-B369-4AD3-84D4-4AE07E92123C}.Release|Any CPU.Build.0 = Release|iPhoneSimulator
		{17A418F0-B369-4AD3-84D4-4AE07E92123C}.Release|Any CPU.Deploy.0 = Release|iPhoneSimulator
		{17A418F0-B369-4AD3-84D4-4AE07E92123C}.Release|iPhone.ActiveCfg = Release|iPhone
		{17A418F0-B369-4AD3-84D4-4AE07E92123C}.Release|iPhone.Build.0 = Release|iPhone
		{17A418F0-B369-4AD3-84D4-4AE07E92123C}.Release|iPhone.Deploy.0 = Release|iPhone
		{17A418F0-B369-4AD3-84D4-4AE07E92123C}.Release|iPhoneSimulator.ActiveCfg = Release|iPhoneSimulator
		{17A418F0-B369-4AD3-84D4-4AE07E92123C}.Release|iPhoneSimulator.Build.0 = Release|iPhoneSimulator
		{17A418F0-B369-4AD3-84D4-4AE07E92123C}.Release|iPhoneSimulator.Deploy.0 = Release|iPhoneSimulator
		{D0815783-B88E-4F2F-891F-BB763293D719}.Debug|Any CPU.ActiveCfg = Debug|Any CPU
		{D0815783-B88E-4F2F-891F-BB763293D719}.Debug|Any CPU.Build.0 = Debug|Any CPU
		{D0815783-B88E-4F2F-891F-BB763293D719}.Debug|Any CPU.Deploy.0 = Debug|Any CPU
		{D0815783-B88E-4F2F-891F-BB763293D719}.Debug|iPhone.ActiveCfg = Debug|Any CPU
		{D0815783-B88E-4F2F-891F-BB763293D719}.Debug|iPhone.Build.0 = Debug|Any CPU
		{D0815783-B88E-4F2F-891F-BB763293D719}.Debug|iPhone.Deploy.0 = Debug|Any CPU
		{D0815783-B88E-4F2F-891F-BB763293D719}.Debug|iPhoneSimulator.ActiveCfg = Debug|Any CPU
		{D0815783-B88E-4F2F-891F-BB763293D719}.Debug|iPhoneSimulator.Build.0 = Debug|Any CPU
		{D0815783-B88E-4F2F-891F-BB763293D719}.Debug|iPhoneSimulator.Deploy.0 = Debug|Any CPU
		{D0815783-B88E-4F2F-891F-BB763293D719}.Release|Any CPU.ActiveCfg = Release|Any CPU
		{D0815783-B88E-4F2F-891F-BB763293D719}.Release|Any CPU.Build.0 = Release|Any CPU
		{D0815783-B88E-4F2F-891F-BB763293D719}.Release|Any CPU.Deploy.0 = Release|Any CPU
		{D0815783-B88E-4F2F-891F-BB763293D719}.Release|iPhone.ActiveCfg = Release|Any CPU
		{D0815783-B88E-4F2F-891F-BB763293D719}.Release|iPhone.Build.0 = Release|Any CPU
		{D0815783-B88E-4F2F-891F-BB763293D719}.Release|iPhone.Deploy.0 = Release|Any CPU
		{D0815783-B88E-4F2F-891F-BB763293D719}.Release|iPhoneSimulator.ActiveCfg = Release|Any CPU
		{D0815783-B88E-4F2F-891F-BB763293D719}.Release|iPhoneSimulator.Build.0 = Release|Any CPU
		{D0815783-B88E-4F2F-891F-BB763293D719}.Release|iPhoneSimulator.Deploy.0 = Release|Any CPU
	EndGlobalSection
	GlobalSection(SolutionProperties) = preSolution
		HideSolutionNode = FALSE
	EndGlobalSection
	GlobalSection(ExtensibilityGlobals) = postSolution
		SolutionGuid = {D3A4BD94-1A6A-4DA1-B6DF-E0132F08768A}
	EndGlobalSection
EndGlobal
