
Microsoft Visual Studio Solution File, Format Version 12.00
# Visual Studio Version 16
VisualStudioVersion = 16.0.31911.196
MinimumVisualStudioVersion = 10.0.40219.1
Project("{FAE04EC0-301F-11D3-BF4B-00C04F79EFBC}") = "EntryTutorial.Android", "EntryTutorial.Android\EntryTutorial.Android.csproj", "{8E8EDF74-44D9-4C08-B652-2193087D0485}"
EndProject
Project("{FAE04EC0-301F-11D3-BF4B-00C04F79EFBC}") = "EntryTutorial.iOS", "EntryTutorial.iOS\EntryTutorial.iOS.csproj", "{03E4CAD6-D64B-4F05-9A79-1A48E94155AC}"
EndProject
Project("{FAE04EC0-301F-11D3-BF4B-00C04F79EFBC}") = "EntryTutorial", "EntryTutorial\EntryTutorial.csproj", "{F12844CC-E883-4FFB-A935-37ACC7C33442}"
EndProject
Global
	GlobalSection(SolutionConfigurationPlatforms) = preSolution
		Debug|Any CPU = Debug|Any CPU
		Debug|iPhone = Debug|iPhone
		Debug|iPhoneSimulator = Debug|iPhoneSimulator
		Release|Any CPU = Release|Any CPU
		Release|iPhone = Release|iPhone
		Release|iPhoneSimulator = Release|iPhoneSimulator
	EndGlobalSection
	GlobalSection(ProjectConfigurationPlatforms) = postSolution
		{8E8EDF74-44D9-4C08-B652-2193087D0485}.Debug|Any CPU.ActiveCfg = Debug|Any CPU
		{8E8EDF74-44D9-4C08-B652-2193087D0485}.Debug|Any CPU.Build.0 = Debug|Any CPU
		{8E8EDF74-44D9-4C08-B652-2193087D0485}.Debug|Any CPU.Deploy.0 = Debug|Any CPU
		{8E8EDF74-44D9-4C08-B652-2193087D0485}.Debug|iPhone.ActiveCfg = Debug|Any CPU
		{8E8EDF74-44D9-4C08-B652-2193087D0485}.Debug|iPhone.Build.0 = Debug|Any CPU
		{8E8EDF74-44D9-4C08-B652-2193087D0485}.Debug|iPhone.Deploy.0 = Debug|Any CPU
		{8E8EDF74-44D9-4C08-B652-2193087D0485}.Debug|iPhoneSimulator.ActiveCfg = Debug|Any CPU
		{8E8EDF74-44D9-4C08-B652-2193087D0485}.Debug|iPhoneSimulator.Build.0 = Debug|Any CPU
		{8E8EDF74-44D9-4C08-B652-2193087D0485}.Debug|iPhoneSimulator.Deploy.0 = Debug|Any CPU
		{8E8EDF74-44D9-4C08-B652-2193087D0485}.Release|Any CPU.ActiveCfg = Release|Any CPU
		{8E8EDF74-44D9-4C08-B652-2193087D0485}.Release|Any CPU.Build.0 = Release|Any CPU
		{8E8EDF74-44D9-4C08-B652-2193087D0485}.Release|Any CPU.Deploy.0 = Release|Any CPU
		{8E8EDF74-44D9-4C08-B652-2193087D0485}.Release|iPhone.ActiveCfg = Release|Any CPU
		{8E8EDF74-44D9-4C08-B652-2193087D0485}.Release|iPhone.Build.0 = Release|Any CPU
		{8E8EDF74-44D9-4C08-B652-2193087D0485}.Release|iPhone.Deploy.0 = Release|Any CPU
		{8E8EDF74-44D9-4C08-B652-2193087D0485}.Release|iPhoneSimulator.ActiveCfg = Release|Any CPU
		{8E8EDF74-44D9-4C08-B652-2193087D0485}.Release|iPhoneSimulator.Build.0 = Release|Any CPU
		{8E8EDF74-44D9-4C08-B652-2193087D0485}.Release|iPhoneSimulator.Deploy.0 = Release|Any CPU
		{03E4CAD6-D64B-4F05-9A79-1A48E94155AC}.Debug|Any CPU.ActiveCfg = Debug|iPhone
		{03E4CAD6-D64B-4F05-9A79-1A48E94155AC}.Debug|Any CPU.Build.0 = Debug|iPhone
		{03E4CAD6-D64B-4F05-9A79-1A48E94155AC}.Debug|Any CPU.Deploy.0 = Debug|iPhone
		{03E4CAD6-D64B-4F05-9A79-1A48E94155AC}.Debug|iPhone.ActiveCfg = Debug|iPhone
		{03E4CAD6-D64B-4F05-9A79-1A48E94155AC}.Debug|iPhone.Build.0 = Debug|iPhone
		{03E4CAD6-D64B-4F05-9A79-1A48E94155AC}.Debug|iPhone.Deploy.0 = Debug|iPhone
		{03E4CAD6-D64B-4F05-9A79-1A48E94155AC}.Debug|iPhoneSimulator.ActiveCfg = Debug|iPhoneSimulator
		{03E4CAD6-D64B-4F05-9A79-1A48E94155AC}.Debug|iPhoneSimulator.Build.0 = Debug|iPhoneSimulator
		{03E4CAD6-D64B-4F05-9A79-1A48E94155AC}.Debug|iPhoneSimulator.Deploy.0 = Debug|iPhoneSimulator
		{03E4CAD6-D64B-4F05-9A79-1A48E94155AC}.Release|Any CPU.ActiveCfg = Release|iPhoneSimulator
		{03E4CAD6-D64B-4F05-9A79-1A48E94155AC}.Release|Any CPU.Build.0 = Release|iPhoneSimulator
		{03E4CAD6-D64B-4F05-9A79-1A48E94155AC}.Release|Any CPU.Deploy.0 = Release|iPhoneSimulator
		{03E4CAD6-D64B-4F05-9A79-1A48E94155AC}.Release|iPhone.ActiveCfg = Release|iPhone
		{03E4CAD6-D64B-4F05-9A79-1A48E94155AC}.Release|iPhone.Build.0 = Release|iPhone
		{03E4CAD6-D64B-4F05-9A79-1A48E94155AC}.Release|iPhone.Deploy.0 = Release|iPhone
		{03E4CAD6-D64B-4F05-9A79-1A48E94155AC}.Release|iPhoneSimulator.ActiveCfg = Release|iPhoneSimulator
		{03E4CAD6-D64B-4F05-9A79-1A48E94155AC}.Release|iPhoneSimulator.Build.0 = Release|iPhoneSimulator
		{03E4CAD6-D64B-4F05-9A79-1A48E94155AC}.Release|iPhoneSimulator.Deploy.0 = Release|iPhoneSimulator
		{F12844CC-E883-4FFB-A935-37ACC7C33442}.Debug|Any CPU.ActiveCfg = Debug|Any CPU
		{F12844CC-E883-4FFB-A935-37ACC7C33442}.Debug|Any CPU.Build.0 = Debug|Any CPU
		{F12844CC-E883-4FFB-A935-37ACC7C33442}.Debug|Any CPU.Deploy.0 = Debug|Any CPU
		{F12844CC-E883-4FFB-A935-37ACC7C33442}.Debug|iPhone.ActiveCfg = Debug|Any CPU
		{F12844CC-E883-4FFB-A935-37ACC7C33442}.Debug|iPhone.Build.0 = Debug|Any CPU
		{F12844CC-E883-4FFB-A935-37ACC7C33442}.Debug|iPhone.Deploy.0 = Debug|Any CPU
		{F12844CC-E883-4FFB-A935-37ACC7C33442}.Debug|iPhoneSimulator.ActiveCfg = Debug|Any CPU
		{F12844CC-E883-4FFB-A935-37ACC7C33442}.Debug|iPhoneSimulator.Build.0 = Debug|Any CPU
		{F12844CC-E883-4FFB-A935-37ACC7C33442}.Debug|iPhoneSimulator.Deploy.0 = Debug|Any CPU
		{F12844CC-E883-4FFB-A935-37ACC7C33442}.Release|Any CPU.ActiveCfg = Release|Any CPU
		{F12844CC-E883-4FFB-A935-37ACC7C33442}.Release|Any CPU.Build.0 = Release|Any CPU
		{F12844CC-E883-4FFB-A935-37ACC7C33442}.Release|Any CPU.Deploy.0 = Release|Any CPU
		{F12844CC-E883-4FFB-A935-37ACC7C33442}.Release|iPhone.ActiveCfg = Release|Any CPU
		{F12844CC-E883-4FFB-A935-37ACC7C33442}.Release|iPhone.Build.0 = Release|Any CPU
		{F12844CC-E883-4FFB-A935-37ACC7C33442}.Release|iPhone.Deploy.0 = Release|Any CPU
		{F12844CC-E883-4FFB-A935-37ACC7C33442}.Release|iPhoneSimulator.ActiveCfg = Release|Any CPU
		{F12844CC-E883-4FFB-A935-37ACC7C33442}.Release|iPhoneSimulator.Build.0 = Release|Any CPU
		{F12844CC-E883-4FFB-A935-37ACC7C33442}.Release|iPhoneSimulator.Deploy.0 = Release|Any CPU
	EndGlobalSection
	GlobalSection(SolutionProperties) = preSolution
		HideSolutionNode = FALSE
	EndGlobalSection
	GlobalSection(ExtensibilityGlobals) = postSolution
		SolutionGuid = {55870EF5-3BBB-4E13-BCCE-7F7BAC4C8A38}
	EndGlobalSection
EndGlobal
